
Microsoft Visual Studio Solution File, Format Version 12.00
# Visual Studio Version 17
VisualStudioVersion = 17.7.34221.43
MinimumVisualStudioVersion = 10.0.40219.1
Project("{FAE04EC0-301F-11D3-BF4B-00C04F79EFBC}") = "PooSSharp", "PooSSharp.csproj", "{51AF80F8-3D6E-4FD1-97C5-9233A6ED7178}"
EndProject
Global
	GlobalSection(SolutionConfigurationPlatforms) = preSolution
		Debug|Any CPU = Debug|Any CPU
		Release|Any CPU = Release|Any CPU
	EndGlobalSection
	GlobalSection(ProjectConfigurationPlatforms) = postSolution
		{51AF80F8-3D6E-4FD1-97C5-9233A6ED7178}.Debug|Any CPU.ActiveCfg = Debug|Any CPU
		{51AF80F8-3D6E-4FD1-97C5-9233A6ED7178}.Debug|Any CPU.Build.0 = Debug|Any CPU
		{51AF80F8-3D6E-4FD1-97C5-9233A6ED7178}.Release|Any CPU.ActiveCfg = Release|Any CPU
		{51AF80F8-3D6E-4FD1-97C5-9233A6ED7178}.Release|Any CPU.Build.0 = Release|Any CPU
	EndGlobalSection
	GlobalSection(SolutionProperties) = preSolution
		HideSolutionNode = FALSE
	EndGlobalSection
	GlobalSection(ExtensibilityGlobals) = postSolution
		SolutionGuid = {957C8C14-7867-435B-945C-18D4363BBA0C}
	EndGlobalSection
EndGlobal
